
Microsoft Visual Studio Solution File, Format Version 12.00
Project("{FAE04EC0-301F-11D3-BF4B-00C04F79EFBC}") = "KanbanApi", "KanbanApi\KanbanApi.csproj", "{1D897BDC-1474-40A1-82A1-36F81EBFBC0C}"
EndProject
Project("{FAE04EC0-301F-11D3-BF4B-00C04F79EFBC}") = "KanBanApplication", "KanBanApplication\KanBanApplication.csproj", "{50D9D11A-E786-4A21-903B-98F568000051}"
EndProject
Project("{2150E333-8FDC-42A3-9474-1A3956D46DE8}") = "Solution Items", "Solution Items", "{F769567B-D0AE-4FCB-AF93-96DB8692E456}"
	ProjectSection(SolutionItems) = preProject
		compose.yaml = compose.yaml
	EndProjectSection
EndProject
Global
	GlobalSection(SolutionConfigurationPlatforms) = preSolution
		Debug|Any CPU = Debug|Any CPU
		Release|Any CPU = Release|Any CPU
	EndGlobalSection
	GlobalSection(ProjectConfigurationPlatforms) = postSolution
		{1D897BDC-1474-40A1-82A1-36F81EBFBC0C}.Debug|Any CPU.ActiveCfg = Debug|Any CPU
		{1D897BDC-1474-40A1-82A1-36F81EBFBC0C}.Debug|Any CPU.Build.0 = Debug|Any CPU
		{1D897BDC-1474-40A1-82A1-36F81EBFBC0C}.Release|Any CPU.ActiveCfg = Release|Any CPU
		{1D897BDC-1474-40A1-82A1-36F81EBFBC0C}.Release|Any CPU.Build.0 = Release|Any CPU
		{50D9D11A-E786-4A21-903B-98F568000051}.Debug|Any CPU.ActiveCfg = Debug|Any CPU
		{50D9D11A-E786-4A21-903B-98F568000051}.Debug|Any CPU.Build.0 = Debug|Any CPU
		{50D9D11A-E786-4A21-903B-98F568000051}.Release|Any CPU.ActiveCfg = Release|Any CPU
		{50D9D11A-E786-4A21-903B-98F568000051}.Release|Any CPU.Build.0 = Release|Any CPU
	EndGlobalSection
EndGlobal
